<?xml version="1.0" encoding="utf-8"?>
<Project ToolsVersion="4.0" xmlns="http://schemas.microsoft.com/developer/msbuild/2003">
  <ItemGroup>
    <Filter Include="Source Files">
      <UniqueIdentifier>{4FC737F1-C7A5-4376-A066-2A32D752A2FF}</UniqueIdentifier>
      <Extensions>cpp;c;cc;cxx;c++;cppm;ixx;def;odl;idl;hpj;bat;asm;asmx</Extensions>
    </Filter>
    <Filter Include="Header Files">
      <UniqueIdentifier>{93995380-89BD-4b04-88EB-625FBE52EBFB}</UniqueIdentifier>
      <Extensions>h;hh;hpp;hxx;h++;hm;inl;inc;ipp;xsd</Extensions>
    </Filter>
    <Filter Include="Resource Files">
      <UniqueIdentifier>{67DA6AB6-F800-4c08-8B7A-83BB121AAD01}</UniqueIdentifier>
      <Extensions>rc;ico;cur;bmp;dlg;rc2;rct;bin;rgs;gif;jpg;jpeg;jpe;resx;tiff;tif;png;wav;mfcribbon-ms</Extensions>
    </Filter>
  </ItemGroup>
  <ItemGroup>
    <ClCompile Include="..\Bitboard.cpp">
      <Filter>Source Files</Filter>
    </ClCompile>
    <ClCompile Include="..\CounterMove.cpp">
      <Filter>Source Files</Filter>
    </ClCompile>
    <ClCompile Include="..\Endgame.cpp">
      <Filter>Source Files</Filter>
    </ClCompile>
    <ClCompile Include="..\Eval.cpp">
      <Filter>Source Files</Filter>
    </ClCompile>
    <ClCompile Include="..\Main.cpp">
      <Filter>Source Files</Filter>
    </ClCompile>
    <ClCompile Include="..\MoveGen.cpp">
      <Filter>Source Files</Filter>
    </ClCompile>
    <ClCompile Include="..\MoveLegalityTesting.cpp">
      <Filter>Source Files</Filter>
    </ClCompile>
    <ClCompile Include="..\Pawns.cpp">
      <Filter>Source Files</Filter>
    </ClCompile>
    <ClCompile Include="..\Perft.cpp">
      <Filter>Source Files</Filter>
    </ClCompile>
    <ClCompile Include="..\Position.cpp">
      <Filter>Source Files</Filter>
    </ClCompile>
    <ClCompile Include="..\Search.cpp">
      <Filter>Source Files</Filter>
    </ClCompile>
    <ClCompile Include="..\Thread.cpp">
      <Filter>Source Files</Filter>
    </ClCompile>
    <ClCompile Include="..\TransTable.cpp">
      <Filter>Source Files</Filter>
    </ClCompile>
    <ClCompile Include="..\UCI.cpp">
      <Filter>Source Files</Filter>
    </ClCompile>
    <ClCompile Include="..\Util.cpp">
      <Filter>Source Files</Filter>
    </ClCompile>
    <ClCompile Include="..\Zobrist.cpp">
      <Filter>Source Files</Filter>
    </ClCompile>
    <ClCompile Include="..\Nalimov\TBINDEX.cpp">
      <Filter>Source Files</Filter>
    </ClCompile>
  </ItemGroup>
  <ItemGroup>
    <ClInclude Include="..\Bitboard.h">
      <Filter>Header Files</Filter>
    </ClInclude>
    <ClInclude Include="..\CounterMove.h">
      <Filter>Header Files</Filter>
    </ClInclude>
    <ClInclude Include="..\Endgame.h">
      <Filter>Header Files</Filter>
    </ClInclude>
    <ClInclude Include="..\Eval.h">
      <Filter>Header Files</Filter>
    </ClInclude>
    <ClInclude Include="..\magicmoves.h">
      <Filter>Header Files</Filter>
    </ClInclude>
    <ClInclude Include="..\MoveGen.h">
      <Filter>Header Files</Filter>
    </ClInclude>
    <ClInclude Include="..\MoveLegalityTesting.h">
      <Filter>Header Files</Filter>
    </ClInclude>
    <ClInclude Include="..\Pawns.h">
      <Filter>Header Files</Filter>
    </ClInclude>
    <ClInclude Include="..\Perft.h">
      <Filter>Header Files</Filter>
    </ClInclude>
    <ClInclude Include="..\Position.h">
      <Filter>Header Files</Filter>
    </ClInclude>
    <ClInclude Include="..\Search.h">
      <Filter>Header Files</Filter>
    </ClInclude>
    <ClInclude Include="..\Thread.h">
      <Filter>Header Files</Filter>
    </ClInclude>
    <ClInclude Include="..\TransTable.h">
      <Filter>Header Files</Filter>
    </ClInclude>
    <ClInclude Include="..\UCI.h">
      <Filter>Header Files</Filter>
    </ClInclude>
    <ClInclude Include="..\Util.h">
      <Filter>Header Files</Filter>
    </ClInclude>
    <ClInclude Include="..\Zobrist.h">
      <Filter>Header Files</Filter>
    </ClInclude>
    <ClInclude Include="..\Nalimov\TBINDEX.h">
      <Filter>Header Files</Filter>
    </ClInclude>
  </ItemGroup>
</Project>